// !$*UTF8*$!
{
	archiveVersion = 1;
	classes = {
	};
	objectVersion = 50;
	objects = {

/* Begin PBXBuildFile section */
		42D389362520DD7900B27CC4 /* AppDelegate.swift in Sources */ = {isa = PBXBuildFile; fileRef = 42D389352520DD7900B27CC4 /* AppDelegate.swift */; };
		42D389382520DD7900B27CC4 /* SceneDelegate.swift in Sources */ = {isa = PBXBuildFile; fileRef = 42D389372520DD7900B27CC4 /* SceneDelegate.swift */; };
		42D3893A2520DD7900B27CC4 /* ViewController.swift in Sources */ = {isa = PBXBuildFile; fileRef = 42D389392520DD7900B27CC4 /* ViewController.swift */; };
		42D3893D2520DD7900B27CC4 /* Main.storyboard in Resources */ = {isa = PBXBuildFile; fileRef = 42D3893B2520DD7900B27CC4 /* Main.storyboard */; };
		42D3893F2520DD7A00B27CC4 /* Assets.xcassets in Resources */ = {isa = PBXBuildFile; fileRef = 42D3893E2520DD7A00B27CC4 /* Assets.xcassets */; };
		42D389422520DD7A00B27CC4 /* LaunchScreen.storyboard in Resources */ = {isa = PBXBuildFile; fileRef = 42D389402520DD7A00B27CC4 /* LaunchScreen.storyboard */; };
		42D3894D2520DD7A00B27CC4 /* ContactsTests.swift in Sources */ = {isa = PBXBuildFile; fileRef = 42D3894C2520DD7A00B27CC4 /* ContactsTests.swift */; };
		42D389582520DD7A00B27CC4 /* ContactsUITests.swift in Sources */ = {isa = PBXBuildFile; fileRef = 42D389572520DD7A00B27CC4 /* ContactsUITests.swift */; };
/* End PBXBuildFile section */

/* Begin PBXContainerItemProxy section */
		42D389492520DD7A00B27CC4 /* PBXContainerItemProxy */ = {
			isa = PBXContainerItemProxy;
			containerPortal = 42D3892A2520DD7900B27CC4 /* Project object */;
			proxyType = 1;
			remoteGlobalIDString = 42D389312520DD7900B27CC4;
			remoteInfo = Contacts;
		};
		42D389542520DD7A00B27CC4 /* PBXContainerItemProxy */ = {
			isa = PBXContainerItemProxy;
			containerPortal = 42D3892A2520DD7900B27CC4 /* Project object */;
			proxyType = 1;
			remoteGlobalIDString = 42D389312520DD7900B27CC4;
			remoteInfo = Contacts;
		};
/* End PBXContainerItemProxy section */

/* Begin PBXFileReference section */
		42D389322520DD7900B27CC4 /* Contacts.app */ = {isa = PBXFileReference; explicitFileType = wrapper.application; includeInIndex = 0; path = Contacts.app; sourceTree = BUILT_PRODUCTS_DIR; };
		42D389352520DD7900B27CC4 /* AppDelegate.swift */ = {isa = PBXFileReference; lastKnownFileType = sourcecode.swift; path = AppDelegate.swift; sourceTree = "<group>"; };
		42D389372520DD7900B27CC4 /* SceneDelegate.swift */ = {isa = PBXFileReference; lastKnownFileType = sourcecode.swift; path = SceneDelegate.swift; sourceTree = "<group>"; };
		42D389392520DD7900B27CC4 /* ViewController.swift */ = {isa = PBXFileReference; lastKnownFileType = sourcecode.swift; path = ViewController.swift; sourceTree = "<group>"; };
		42D3893C2520DD7900B27CC4 /* Base */ = {isa = PBXFileReference; lastKnownFileType = file.storyboard; name = Base; path = Base.lproj/Main.storyboard; sourceTree = "<group>"; };
		42D3893E2520DD7A00B27CC4 /* Assets.xcassets */ = {isa = PBXFileReference; lastKnownFileType = folder.assetcatalog; path = Assets.xcassets; sourceTree = "<group>"; };
		42D389412520DD7A00B27CC4 /* Base */ = {isa = PBXFileReference; lastKnownFileType = file.storyboard; name = Base; path = Base.lproj/LaunchScreen.storyboard; sourceTree = "<group>"; };
		42D389432520DD7A00B27CC4 /* Info.plist */ = {isa = PBXFileReference; lastKnownFileType = text.plist.xml; path = Info.plist; sourceTree = "<group>"; };
		42D389482520DD7A00B27CC4 /* ContactsTests.xctest */ = {isa = PBXFileReference; explicitFileType = wrapper.cfbundle; includeInIndex = 0; path = ContactsTests.xctest; sourceTree = BUILT_PRODUCTS_DIR; };
		42D3894C2520DD7A00B27CC4 /* ContactsTests.swift */ = {isa = PBXFileReference; lastKnownFileType = sourcecode.swift; path = ContactsTests.swift; sourceTree = "<group>"; };
		42D3894E2520DD7A00B27CC4 /* Info.plist */ = {isa = PBXFileReference; lastKnownFileType = text.plist.xml; path = Info.plist; sourceTree = "<group>"; };
		42D389532520DD7A00B27CC4 /* ContactsUITests.xctest */ = {isa = PBXFileReference; explicitFileType = wrapper.cfbundle; includeInIndex = 0; path = ContactsUITests.xctest; sourceTree = BUILT_PRODUCTS_DIR; };
		42D389572520DD7A00B27CC4 /* ContactsUITests.swift */ = {isa = PBXFileReference; lastKnownFileType = sourcecode.swift; path = ContactsUITests.swift; sourceTree = "<group>"; };
		42D389592520DD7A00B27CC4 /* Info.plist */ = {isa = PBXFileReference; lastKnownFileType = text.plist.xml; path = Info.plist; sourceTree = "<group>"; };
/* End PBXFileReference section */

/* Begin PBXFrameworksBuildPhase section */
		42D3892F2520DD7900B27CC4 /* Frameworks */ = {
			isa = PBXFrameworksBuildPhase;
			buildActionMask = 2147483647;
			files = (
			);
			runOnlyForDeploymentPostprocessing = 0;
		};
		42D389452520DD7A00B27CC4 /* Frameworks */ = {
			isa = PBXFrameworksBuildPhase;
			buildActionMask = 2147483647;
			files = (
			);
			runOnlyForDeploymentPostprocessing = 0;
		};
		42D389502520DD7A00B27CC4 /* Frameworks */ = {
			isa = PBXFrameworksBuildPhase;
			buildActionMask = 2147483647;
			files = (
			);
			runOnlyForDeploymentPostprocessing = 0;
		};
/* End PBXFrameworksBuildPhase section */

/* Begin PBXGroup section */
		42D389292520DD7900B27CC4 = {
			isa = PBXGroup;
			children = (
				42D389342520DD7900B27CC4 /* Contacts */,
				42D3894B2520DD7A00B27CC4 /* ContactsTests */,
				42D389562520DD7A00B27CC4 /* ContactsUITests */,
				42D389332520DD7900B27CC4 /* Products */,
			);
			sourceTree = "<group>";
		};
		42D389332520DD7900B27CC4 /* Products */ = {
			isa = PBXGroup;
			children = (
				42D389322520DD7900B27CC4 /* Contacts.app */,
				42D389482520DD7A00B27CC4 /* ContactsTests.xctest */,
				42D389532520DD7A00B27CC4 /* ContactsUITests.xctest */,
			);
			name = Products;
			sourceTree = "<group>";
		};
		42D389342520DD7900B27CC4 /* Contacts */ = {
			isa = PBXGroup;
			children = (
				42D389352520DD7900B27CC4 /* AppDelegate.swift */,
				42D389372520DD7900B27CC4 /* SceneDelegate.swift */,
				42D389392520DD7900B27CC4 /* ViewController.swift */,
				42D3893B2520DD7900B27CC4 /* Main.storyboard */,
				42D3893E2520DD7A00B27CC4 /* Assets.xcassets */,
				42D389402520DD7A00B27CC4 /* LaunchScreen.storyboard */,
				42D389432520DD7A00B27CC4 /* Info.plist */,
			);
			path = Contacts;
			sourceTree = "<group>";
		};
		42D3894B2520DD7A00B27CC4 /* ContactsTests */ = {
			isa = PBXGroup;
			children = (
				42D3894C2520DD7A00B27CC4 /* ContactsTests.swift */,
				42D3894E2520DD7A00B27CC4 /* Info.plist */,
			);
			path = ContactsTests;
			sourceTree = "<group>";
		};
		42D389562520DD7A00B27CC4 /* ContactsUITests */ = {
			isa = PBXGroup;
			children = (
				42D389572520DD7A00B27CC4 /* ContactsUITests.swift */,
				42D389592520DD7A00B27CC4 /* Info.plist */,
			);
			path = ContactsUITests;
			sourceTree = "<group>";
		};
/* End PBXGroup section */

/* Begin PBXNativeTarget section */
		42D389312520DD7900B27CC4 /* Contacts */ = {
			isa = PBXNativeTarget;
			buildConfigurationList = 42D3895C2520DD7A00B27CC4 /* Build configuration list for PBXNativeTarget "Contacts" */;
			buildPhases = (
				42D3892E2520DD7900B27CC4 /* Sources */,
				42D3892F2520DD7900B27CC4 /* Frameworks */,
				42D389302520DD7900B27CC4 /* Resources */,
			);
			buildRules = (
			);
			dependencies = (
			);
			name = Contacts;
			productName = Contacts;
			productReference = 42D389322520DD7900B27CC4 /* Contacts.app */;
			productType = "com.apple.product-type.application";
		};
		42D389472520DD7A00B27CC4 /* ContactsTests */ = {
			isa = PBXNativeTarget;
			buildConfigurationList = 42D3895F2520DD7A00B27CC4 /* Build configuration list for PBXNativeTarget "ContactsTests" */;
			buildPhases = (
				42D389442520DD7A00B27CC4 /* Sources */,
				42D389452520DD7A00B27CC4 /* Frameworks */,
				42D389462520DD7A00B27CC4 /* Resources */,
			);
			buildRules = (
			);
			dependencies = (
				42D3894A2520DD7A00B27CC4 /* PBXTargetDependency */,
			);
			name = ContactsTests;
			productName = ContactsTests;
			productReference = 42D389482520DD7A00B27CC4 /* ContactsTests.xctest */;
			productType = "com.apple.product-type.bundle.unit-test";
		};
		42D389522520DD7A00B27CC4 /* ContactsUITests */ = {
			isa = PBXNativeTarget;
			buildConfigurationList = 42D389622520DD7A00B27CC4 /* Build configuration list for PBXNativeTarget "ContactsUITests" */;
			buildPhases = (
				42D3894F2520DD7A00B27CC4 /* Sources */,
				42D389502520DD7A00B27CC4 /* Frameworks */,
				42D389512520DD7A00B27CC4 /* Resources */,
			);
			buildRules = (
			);
			dependencies = (
				42D389552520DD7A00B27CC4 /* PBXTargetDependency */,
			);
			name = ContactsUITests;
			productName = ContactsUITests;
			productReference = 42D389532520DD7A00B27CC4 /* ContactsUITests.xctest */;
			productType = "com.apple.product-type.bundle.ui-testing";
		};
/* End PBXNativeTarget section */

/* Begin PBXProject section */
		42D3892A2520DD7900B27CC4 /* Project object */ = {
			isa = PBXProject;
			attributes = {
				LastSwiftUpdateCheck = 1200;
				LastUpgradeCheck = 1200;
				TargetAttributes = {
					42D389312520DD7900B27CC4 = {
						CreatedOnToolsVersion = 12.0;
					};
					42D389472520DD7A00B27CC4 = {
						CreatedOnToolsVersion = 12.0;
						TestTargetID = 42D389312520DD7900B27CC4;
					};
					42D389522520DD7A00B27CC4 = {
						CreatedOnToolsVersion = 12.0;
						TestTargetID = 42D389312520DD7900B27CC4;
					};
				};
			};
			buildConfigurationList = 42D3892D2520DD7900B27CC4 /* Build configuration list for PBXProject "Contacts" */;
			compatibilityVersion = "Xcode 9.3";
			developmentRegion = en;
			hasScannedForEncodings = 0;
			knownRegions = (
				en,
				Base,
			);
			mainGroup = 42D389292520DD7900B27CC4;
			productRefGroup = 42D389332520DD7900B27CC4 /* Products */;
			projectDirPath = "";
			projectRoot = "";
			targets = (
				42D389312520DD7900B27CC4 /* Contacts */,
				42D389472520DD7A00B27CC4 /* ContactsTests */,
				42D389522520DD7A00B27CC4 /* ContactsUITests */,
			);
		};
/* End PBXProject section */

/* Begin PBXResourcesBuildPhase section */
		42D389302520DD7900B27CC4 /* Resources */ = {
			isa = PBXResourcesBuildPhase;
			buildActionMask = 2147483647;
			files = (
				42D389422520DD7A00B27CC4 /* LaunchScreen.storyboard in Resources */,
				42D3893F2520DD7A00B27CC4 /* Assets.xcassets in Resources */,
				42D3893D2520DD7900B27CC4 /* Main.storyboard in Resources */,
			);
			runOnlyForDeploymentPostprocessing = 0;
		};
		42D389462520DD7A00B27CC4 /* Resources */ = {
			isa = PBXResourcesBuildPhase;
			buildActionMask = 2147483647;
			files = (
			);
			runOnlyForDeploymentPostprocessing = 0;
		};
		42D389512520DD7A00B27CC4 /* Resources */ = {
			isa = PBXResourcesBuildPhase;
			buildActionMask = 2147483647;
			files = (
			);
			runOnlyForDeploymentPostprocessing = 0;
		};
/* End PBXResourcesBuildPhase section */

/* Begin PBXSourcesBuildPhase section */
		42D3892E2520DD7900B27CC4 /* Sources */ = {
			isa = PBXSourcesBuildPhase;
			buildActionMask = 2147483647;
			files = (
				42D3893A2520DD7900B27CC4 /* ViewController.swift in Sources */,
				42D389362520DD7900B27CC4 /* AppDelegate.swift in Sources */,
				42D389382520DD7900B27CC4 /* SceneDelegate.swift in Sources */,
			);
			runOnlyForDeploymentPostprocessing = 0;
		};
		42D389442520DD7A00B27CC4 /* Sources */ = {
			isa = PBXSourcesBuildPhase;
			buildActionMask = 2147483647;
			files = (
				42D3894D2520DD7A00B27CC4 /* ContactsTests.swift in Sources */,
			);
			runOnlyForDeploymentPostprocessing = 0;
		};
		42D3894F2520DD7A00B27CC4 /* Sources */ = {
			isa = PBXSourcesBuildPhase;
			buildActionMask = 2147483647;
			files = (
				42D389582520DD7A00B27CC4 /* ContactsUITests.swift in Sources */,
			);
			runOnlyForDeploymentPostprocessing = 0;
		};
/* End PBXSourcesBuildPhase section */

/* Begin PBXTargetDependency section */
		42D3894A2520DD7A00B27CC4 /* PBXTargetDependency */ = {
			isa = PBXTargetDependency;
			target = 42D389312520DD7900B27CC4 /* Contacts */;
			targetProxy = 42D389492520DD7A00B27CC4 /* PBXContainerItemProxy */;
		};
		42D389552520DD7A00B27CC4 /* PBXTargetDependency */ = {
			isa = PBXTargetDependency;
			target = 42D389312520DD7900B27CC4 /* Contacts */;
			targetProxy = 42D389542520DD7A00B27CC4 /* PBXContainerItemProxy */;
		};
/* End PBXTargetDependency section */

/* Begin PBXVariantGroup section */
		42D3893B2520DD7900B27CC4 /* Main.storyboard */ = {
			isa = PBXVariantGroup;
			children = (
				42D3893C2520DD7900B27CC4 /* Base */,
			);
			name = Main.storyboard;
			sourceTree = "<group>";
		};
		42D389402520DD7A00B27CC4 /* LaunchScreen.storyboard */ = {
			isa = PBXVariantGroup;
			children = (
				42D389412520DD7A00B27CC4 /* Base */,
			);
			name = LaunchScreen.storyboard;
			sourceTree = "<group>";
		};
/* End PBXVariantGroup section */

/* Begin XCBuildConfiguration section */
		42D3895A2520DD7A00B27CC4 /* Debug */ = {
			isa = XCBuildConfiguration;
			buildSettings = {
				ALWAYS_SEARCH_USER_PATHS = NO;
				CLANG_ANALYZER_NONNULL = YES;
				CLANG_ANALYZER_NUMBER_OBJECT_CONVERSION = YES_AGGRESSIVE;
				CLANG_CXX_LANGUAGE_STANDARD = "gnu++14";
				CLANG_CXX_LIBRARY = "libc++";
				CLANG_ENABLE_MODULES = YES;
				CLANG_ENABLE_OBJC_ARC = YES;
				CLANG_ENABLE_OBJC_WEAK = YES;
				CLANG_WARN_BLOCK_CAPTURE_AUTORELEASING = YES;
				CLANG_WARN_BOOL_CONVERSION = YES;
				CLANG_WARN_COMMA = YES;
				CLANG_WARN_CONSTANT_CONVERSION = YES;
				CLANG_WARN_DEPRECATED_OBJC_IMPLEMENTATIONS = YES;
				CLANG_WARN_DIRECT_OBJC_ISA_USAGE = YES_ERROR;
				CLANG_WARN_DOCUMENTATION_COMMENTS = YES;
				CLANG_WARN_EMPTY_BODY = YES;
				CLANG_WARN_ENUM_CONVERSION = YES;
				CLANG_WARN_INFINITE_RECURSION = YES;
				CLANG_WARN_INT_CONVERSION = YES;
				CLANG_WARN_NON_LITERAL_NULL_CONVERSION = YES;
				CLANG_WARN_OBJC_IMPLICIT_RETAIN_SELF = YES;
				CLANG_WARN_OBJC_LITERAL_CONVERSION = YES;
				CLANG_WARN_OBJC_ROOT_CLASS = YES_ERROR;
				CLANG_WARN_QUOTED_INCLUDE_IN_FRAMEWORK_HEADER = YES;
				CLANG_WARN_RANGE_LOOP_ANALYSIS = YES;
				CLANG_WARN_STRICT_PROTOTYPES = YES;
				CLANG_WARN_SUSPICIOUS_MOVE = YES;
				CLANG_WARN_UNGUARDED_AVAILABILITY = YES_AGGRESSIVE;
				CLANG_WARN_UNREACHABLE_CODE = YES;
				CLANG_WARN__DUPLICATE_METHOD_MATCH = YES;
				COPY_PHASE_STRIP = NO;
				DEBUG_INFORMATION_FORMAT = dwarf;
				ENABLE_STRICT_OBJC_MSGSEND = YES;
				ENABLE_TESTABILITY = YES;
				GCC_C_LANGUAGE_STANDARD = gnu11;
				GCC_DYNAMIC_NO_PIC = NO;
				GCC_NO_COMMON_BLOCKS = YES;
				GCC_OPTIMIZATION_LEVEL = 0;
				GCC_PREPROCESSOR_DEFINITIONS = (
					"DEBUG=1",
					"$(inherited)",
				);
				GCC_WARN_64_TO_32_BIT_CONVERSION = YES;
				GCC_WARN_ABOUT_RETURN_TYPE = YES_ERROR;
				GCC_WARN_UNDECLARED_SELECTOR = YES;
				GCC_WARN_UNINITIALIZED_AUTOS = YES_AGGRESSIVE;
				GCC_WARN_UNUSED_FUNCTION = YES;
				GCC_WARN_UNUSED_VARIABLE = YES;
				IPHONEOS_DEPLOYMENT_TARGET = 14.0;
				MTL_ENABLE_DEBUG_INFO = INCLUDE_SOURCE;
				MTL_FAST_MATH = YES;
				ONLY_ACTIVE_ARCH = YES;
				SDKROOT = iphoneos;
				SWIFT_ACTIVE_COMPILATION_CONDITIONS = DEBUG;
				SWIFT_OPTIMIZATION_LEVEL = "-Onone";
			};
			name = Debug;
		};
		42D3895B2520DD7A00B27CC4 /* Release */ = {
			isa = XCBuildConfiguration;
			buildSettings = {
				ALWAYS_SEARCH_USER_PATHS = NO;
				CLANG_ANALYZER_NONNULL = YES;
				CLANG_ANALYZER_NUMBER_OBJECT_CONVERSION = YES_AGGRESSIVE;
				CLANG_CXX_LANGUAGE_STANDARD = "gnu++14";
				CLANG_CXX_LIBRARY = "libc++";
				CLANG_ENABLE_MODULES = YES;
				CLANG_ENABLE_OBJC_ARC = YES;
				CLANG_ENABLE_OBJC_WEAK = YES;
				CLANG_WARN_BLOCK_CAPTURE_AUTORELEASING = YES;
				CLANG_WARN_BOOL_CONVERSION = YES;
				CLANG_WARN_COMMA = YES;
				CLANG_WARN_CONSTANT_CONVERSION = YES;
				CLANG_WARN_DEPRECATED_OBJC_IMPLEMENTATIONS = YES;
				CLANG_WARN_DIRECT_OBJC_ISA_USAGE = YES_ERROR;
				CLANG_WARN_DOCUMENTATION_COMMENTS = YES;
				CLANG_WARN_EMPTY_BODY = YES;
				CLANG_WARN_ENUM_CONVERSION = YES;
				CLANG_WARN_INFINITE_RECURSION = YES;
				CLANG_WARN_INT_CONVERSION = YES;
				CLANG_WARN_NON_LITERAL_NULL_CONVERSION = YES;
				CLANG_WARN_OBJC_IMPLICIT_RETAIN_SELF = YES;
				CLANG_WARN_OBJC_LITERAL_CONVERSION = YES;
				CLANG_WARN_OBJC_ROOT_CLASS = YES_ERROR;
				CLANG_WARN_QUOTED_INCLUDE_IN_FRAMEWORK_HEADER = YES;
				CLANG_WARN_RANGE_LOOP_ANALYSIS = YES;
				CLANG_WARN_STRICT_PROTOTYPES = YES;
				CLANG_WARN_SUSPICIOUS_MOVE = YES;
				CLANG_WARN_UNGUARDED_AVAILABILITY = YES_AGGRESSIVE;
				CLANG_WARN_UNREACHABLE_CODE = YES;
				CLANG_WARN__DUPLICATE_METHOD_MATCH = YES;
				COPY_PHASE_STRIP = NO;
				DEBUG_INFORMATION_FORMAT = "dwarf-with-dsym";
				ENABLE_NS_ASSERTIONS = NO;
				ENABLE_STRICT_OBJC_MSGSEND = YES;
				GCC_C_LANGUAGE_STANDARD = gnu11;
				GCC_NO_COMMON_BLOCKS = YES;
				GCC_WARN_64_TO_32_BIT_CONVERSION = YES;
				GCC_WARN_ABOUT_RETURN_TYPE = YES_ERROR;
				GCC_WARN_UNDECLARED_SELECTOR = YES;
				GCC_WARN_UNINITIALIZED_AUTOS = YES_AGGRESSIVE;
				GCC_WARN_UNUSED_FUNCTION = YES;
				GCC_WARN_UNUSED_VARIABLE = YES;
				IPHONEOS_DEPLOYMENT_TARGET = 14.0;
				MTL_ENABLE_DEBUG_INFO = NO;
				MTL_FAST_MATH = YES;
				SDKROOT = iphoneos;
				SWIFT_COMPILATION_MODE = wholemodule;
				SWIFT_OPTIMIZATION_LEVEL = "-O";
				VALIDATE_PRODUCT = YES;
			};
			name = Release;
		};
		42D3895D2520DD7A00B27CC4 /* Debug */ = {
			isa = XCBuildConfiguration;
			buildSettings = {
				ASSETCATALOG_COMPILER_APPICON_NAME = AppIcon;
				ASSETCATALOG_COMPILER_GLOBAL_ACCENT_COLOR_NAME = AccentColor;
				CODE_SIGN_STYLE = Automatic;
				DEVELOPMENT_TEAM = HPXMDUH97M;
				INFOPLIST_FILE = Contacts/Info.plist;
				LD_RUNPATH_SEARCH_PATHS = (
					"$(inherited)",
					"@executable_path/Frameworks",
				);
				PRODUCT_BUNDLE_IDENTIFIER = com.casp.Contacts;
				PRODUCT_NAME = "$(TARGET_NAME)";
				SWIFT_VERSION = 5.0;
				TARGETED_DEVICE_FAMILY = "1,2";
			};
			name = Debug;
		};
		42D3895E2520DD7A00B27CC4 /* Release */ = {
			isa = XCBuildConfiguration;
			buildSettings = {
				ASSETCATALOG_COMPILER_APPICON_NAME = AppIcon;
				ASSETCATALOG_COMPILER_GLOBAL_ACCENT_COLOR_NAME = AccentColor;
				CODE_SIGN_STYLE = Automatic;
				DEVELOPMENT_TEAM = HPXMDUH97M;
				INFOPLIST_FILE = Contacts/Info.plist;
				LD_RUNPATH_SEARCH_PATHS = (
					"$(inherited)",
					"@executable_path/Frameworks",
				);
				PRODUCT_BUNDLE_IDENTIFIER = com.casp.Contacts;
				PRODUCT_NAME = "$(TARGET_NAME)";
				SWIFT_VERSION = 5.0;
				TARGETED_DEVICE_FAMILY = "1,2";
			};
			name = Release;
		};
		42D389602520DD7A00B27CC4 /* Debug */ = {
			isa = XCBuildConfiguration;
			buildSettings = {
				ALWAYS_EMBED_SWIFT_STANDARD_LIBRARIES = YES;
				BUNDLE_LOADER = "$(TEST_HOST)";
				CODE_SIGN_STYLE = Automatic;
				DEVELOPMENT_TEAM = HPXMDUH97M;
				INFOPLIST_FILE = ContactsTests/Info.plist;
				IPHONEOS_DEPLOYMENT_TARGET = 14.0;
				LD_RUNPATH_SEARCH_PATHS = (
					"$(inherited)",
					"@executable_path/Frameworks",
					"@loader_path/Frameworks",
				);
				PRODUCT_BUNDLE_IDENTIFIER = com.casp.ContactsTests;
				PRODUCT_NAME = "$(TARGET_NAME)";
				SWIFT_VERSION = 5.0;
				TARGETED_DEVICE_FAMILY = "1,2";
				TEST_HOST = "$(BUILT_PRODUCTS_DIR)/Contacts.app/Contacts";
			};
			name = Debug;
		};
		42D389612520DD7A00B27CC4 /* Release */ = {
			isa = XCBuildConfiguration;
			buildSettings = {
				ALWAYS_EMBED_SWIFT_STANDARD_LIBRARIES = YES;
				BUNDLE_LOADER = "$(TEST_HOST)";
				CODE_SIGN_STYLE = Automatic;
				DEVELOPMENT_TEAM = HPXMDUH97M;
				INFOPLIST_FILE = ContactsTests/Info.plist;
				IPHONEOS_DEPLOYMENT_TARGET = 14.0;
				LD_RUNPATH_SEARCH_PATHS = (
					"$(inherited)",
					"@executable_path/Frameworks",
					"@loader_path/Frameworks",
				);
				PRODUCT_BUNDLE_IDENTIFIER = com.casp.ContactsTests;
				PRODUCT_NAME = "$(TARGET_NAME)";
				SWIFT_VERSION = 5.0;
				TARGETED_DEVICE_FAMILY = "1,2";
				TEST_HOST = "$(BUILT_PRODUCTS_DIR)/Contacts.app/Contacts";
			};
			name = Release;
		};
		42D389632520DD7A00B27CC4 /* Debug */ = {
			isa = XCBuildConfiguration;
			buildSettings = {
				ALWAYS_EMBED_SWIFT_STANDARD_LIBRARIES = YES;
				CODE_SIGN_STYLE = Automatic;
				DEVELOPMENT_TEAM = HPXMDUH97M;
				INFOPLIST_FILE = ContactsUITests/Info.plist;
				LD_RUNPATH_SEARCH_PATHS = (
					"$(inherited)",
					"@executable_path/Frameworks",
					"@loader_path/Frameworks",
				);
				PRODUCT_BUNDLE_IDENTIFIER = com.casp.ContactsUITests;
				PRODUCT_NAME = "$(TARGET_NAME)";
				SWIFT_VERSION = 5.0;
				TARGETED_DEVICE_FAMILY = "1,2";
				TEST_TARGET_NAME = Contacts;
			};
			name = Debug;
		};
		42D389642520DD7A00B27CC4 /* Release */ = {
			isa = XCBuildConfiguration;
			buildSettings = {
				ALWAYS_EMBED_SWIFT_STANDARD_LIBRARIES = YES;
				CODE_SIGN_STYLE = Automatic;
				DEVELOPMENT_TEAM = HPXMDUH97M;
				INFOPLIST_FILE = ContactsUITests/Info.plist;
				LD_RUNPATH_SEARCH_PATHS = (
					"$(inherited)",
					"@executable_path/Frameworks",
					"@loader_path/Frameworks",
				);
				PRODUCT_BUNDLE_IDENTIFIER = com.casp.ContactsUITests;
				PRODUCT_NAME = "$(TARGET_NAME)";
				SWIFT_VERSION = 5.0;
				TARGETED_DEVICE_FAMILY = "1,2";
				TEST_TARGET_NAME = Contacts;
			};
			name = Release;
		};
/* End XCBuildConfiguration section */

/* Begin XCConfigurationList section */
		42D3892D2520DD7900B27CC4 /* Build configuration list for PBXProject "Contacts" */ = {
			isa = XCConfigurationList;
			buildConfigurations = (
				42D3895A2520DD7A00B27CC4 /* Debug */,
				42D3895B2520DD7A00B27CC4 /* Release */,
			);
			defaultConfigurationIsVisible = 0;
			defaultConfigurationName = Release;
		};
		42D3895C2520DD7A00B27CC4 /* Build configuration list for PBXNativeTarget "Contacts" */ = {
			isa = XCConfigurationList;
			buildConfigurations = (
				42D3895D2520DD7A00B27CC4 /* Debug */,
				42D3895E2520DD7A00B27CC4 /* Release */,
			);
			defaultConfigurationIsVisible = 0;
			defaultConfigurationName = Release;
		};
		42D3895F2520DD7A00B27CC4 /* Build configuration list for PBXNativeTarget "ContactsTests" */ = {
			isa = XCConfigurationList;
			buildConfigurations = (
				42D389602520DD7A00B27CC4 /* Debug */,
				42D389612520DD7A00B27CC4 /* Release */,
			);
			defaultConfigurationIsVisible = 0;
			defaultConfigurationName = Release;
		};
		42D389622520DD7A00B27CC4 /* Build configuration list for PBXNativeTarget "ContactsUITests" */ = {
			isa = XCConfigurationList;
			buildConfigurations = (
				42D389632520DD7A00B27CC4 /* Debug */,
				42D389642520DD7A00B27CC4 /* Release */,
			);
			defaultConfigurationIsVisible = 0;
			defaultConfigurationName = Release;
		};
/* End XCConfigurationList section */
	};
	rootObject = 42D3892A2520DD7900B27CC4 /* Project object */;
}
